
Microsoft Visual Studio Solution File, Format Version 12.00
# Visual Studio Version 16
VisualStudioVersion = 16.0.31605.320
MinimumVisualStudioVersion = 10.0.40219.1
Project("{FAE04EC0-301F-11D3-BF4B-00C04F79EFBC}") = "MvcBlogProject", "MvcBlogProject\MvcBlogProject.csproj", "{25BE2079-1F96-427A-A25C-A513ECF133E9}"
EndProject
Project("{FAE04EC0-301F-11D3-BF4B-00C04F79EFBC}") = "EntityLayer", "EntityLayer\EntityLayer.csproj", "{FE0FFDB2-EE95-4450-AE8D-D19B27AE2792}"
EndProject
Project("{FAE04EC0-301F-11D3-BF4B-00C04F79EFBC}") = "DataAccessLayer", "DataAccessLayer\DataAccessLayer.csproj", "{F4F20985-C59B-4E40-94A6-297D193DB00B}"
EndProject
Project("{FAE04EC0-301F-11D3-BF4B-00C04F79EFBC}") = "BusinessLayer", "BusinessLayer\BusinessLayer.csproj", "{5DDE3A6B-5BEB-473E-8688-662632E8FE8F}"
EndProject
Global
	GlobalSection(SolutionConfigurationPlatforms) = preSolution
		Debug|Any CPU = Debug|Any CPU
		Release|Any CPU = Release|Any CPU
	EndGlobalSection
	GlobalSection(ProjectConfigurationPlatforms) = postSolution
		{25BE2079-1F96-427A-A25C-A513ECF133E9}.Debug|Any CPU.ActiveCfg = Debug|Any CPU
		{25BE2079-1F96-427A-A25C-A513ECF133E9}.Debug|Any CPU.Build.0 = Debug|Any CPU
		{25BE2079-1F96-427A-A25C-A513ECF133E9}.Release|Any CPU.ActiveCfg = Release|Any CPU
		{25BE2079-1F96-427A-A25C-A513ECF133E9}.Release|Any CPU.Build.0 = Release|Any CPU
		{FE0FFDB2-EE95-4450-AE8D-D19B27AE2792}.Debug|Any CPU.ActiveCfg = Debug|Any CPU
		{FE0FFDB2-EE95-4450-AE8D-D19B27AE2792}.Debug|Any CPU.Build.0 = Debug|Any CPU
		{FE0FFDB2-EE95-4450-AE8D-D19B27AE2792}.Release|Any CPU.ActiveCfg = Release|Any CPU
		{FE0FFDB2-EE95-4450-AE8D-D19B27AE2792}.Release|Any CPU.Build.0 = Release|Any CPU
		{F4F20985-C59B-4E40-94A6-297D193DB00B}.Debug|Any CPU.ActiveCfg = Debug|Any CPU
		{F4F20985-C59B-4E40-94A6-297D193DB00B}.Debug|Any CPU.Build.0 = Debug|Any CPU
		{F4F20985-C59B-4E40-94A6-297D193DB00B}.Release|Any CPU.ActiveCfg = Release|Any CPU
		{F4F20985-C59B-4E40-94A6-297D193DB00B}.Release|Any CPU.Build.0 = Release|Any CPU
		{5DDE3A6B-5BEB-473E-8688-662632E8FE8F}.Debug|Any CPU.ActiveCfg = Debug|Any CPU
		{5DDE3A6B-5BEB-473E-8688-662632E8FE8F}.Debug|Any CPU.Build.0 = Debug|Any CPU
		{5DDE3A6B-5BEB-473E-8688-662632E8FE8F}.Release|Any CPU.ActiveCfg = Release|Any CPU
		{5DDE3A6B-5BEB-473E-8688-662632E8FE8F}.Release|Any CPU.Build.0 = Release|Any CPU
	EndGlobalSection
	GlobalSection(SolutionProperties) = preSolution
		HideSolutionNode = FALSE
	EndGlobalSection
	GlobalSection(ExtensibilityGlobals) = postSolution
		SolutionGuid = {82464987-34A5-4617-84DC-64DBF0B4670E}
	EndGlobalSection
EndGlobal
